{
  "name": "@hyrious/esbuild-plugin-style",
  "version": "0.3.1",
  "lockfileVersion": 2,
  "requires": true,
  "packages": {
    "": {
      "name": "@hyrious/esbuild-plugin-style",
      "version": "0.3.1",
      "license": "MIT",
      "devDependencies": {
        "@types/node": "^16.4.3",
        "esbuild": "^0.12.16",
        "sanitize.css": "^12.0.1"
      }
    },
    "node_modules/@types/node": {
      "version": "16.4.3",
      "resolved": "https://registry.npmjs.org/@types/node/-/node-16.4.3.tgz",
      "integrity": "sha512-GKM4FLMkWDc0sfx7tXqPWkM6NBow1kge0fgQh0bOnlqo4iT1kvTvMEKE0c1RtUGnbLlGRXiAA8SumE//90uKAg==",
      "dev": true
    },
    "node_modules/esbuild": {
      "version": "0.12.16",
      "resolved": "https://registry.npmjs.org/esbuild/-/esbuild-0.12.16.tgz",
      "integrity": "sha512-XqI9cXP2bmQ6MREIqrYBb13KfYFSERsV1+e5jSVWps8dNlLZK+hln7d0mznzDIpfISsg/AgQW0DW3kSInXWhrg==",
      "dev": true,
      "hasInstallScript": true,
      "bin": {
        "esbuild": "bin/esbuild"
      }
    },
    "node_modules/sanitize.css": {
      "version": "12.0.1",
      "resolved": "https://registry.npmjs.org/sanitize.css/-/sanitize.css-12.0.1.tgz",
      "integrity": "sha512-QbusSBnWHaRBZeTxsJyknwI0q+q6m1NtLBmB76JfW/rdVN7Ws6Zz70w65+430/ouVcdNVT3qwrDgrM6PaYyRtw==",
      "dev": true
    }
  },
  "dependencies": {
    "@types/node": {
      "version": "16.4.3",
      "resolved": "https://registry.npmjs.org/@types/node/-/node-16.4.3.tgz",
      "integrity": "sha512-GKM4FLMkWDc0sfx7tXqPWkM6NBow1kge0fgQh0bOnlqo4iT1kvTvMEKE0c1RtUGnbLlGRXiAA8SumE//90uKAg==",
      "dev": true
    },
    "esbuild": {
      "version": "0.12.16",
      "resolved": "https://registry.npmjs.org/esbuild/-/esbuild-0.12.16.tgz",
      "integrity": "sha512-XqI9cXP2bmQ6MREIqrYBb13KfYFSERsV1+e5jSVWps8dNlLZK+hln7d0mznzDIpfISsg/AgQW0DW3kSInXWhrg==",
      "dev": true
    },
    "sanitize.css": {
      "version": "12.0.1",
      "resolved": "https://registry.npmjs.org/sanitize.css/-/sanitize.css-12.0.1.tgz",
      "integrity": "sha512-QbusSBnWHaRBZeTxsJyknwI0q+q6m1NtLBmB76JfW/rdVN7Ws6Zz70w65+430/ouVcdNVT3qwrDgrM6PaYyRtw==",
      "dev": true
    }
  }
}
