{
  "name": "@hyrious/esbuild-plugin-style",
  "version": "0.1.1",
  "lockfileVersion": 2,
  "requires": true,
  "packages": {
    "": {
      "name": "@hyrious/esbuild-plugin-style",
      "version": "0.1.1",
      "license": "MIT",
      "devDependencies": {
        "@types/node": "^15.0.2",
        "esbuild": "^0.11.20"
      }
    },
    "node_modules/@types/node": {
      "version": "15.0.2",
      "resolved": "https://registry.npmjs.org/@types/node/-/node-15.0.2.tgz",
      "integrity": "sha512-p68+a+KoxpoB47015IeYZYRrdqMUcpbK8re/zpFB8Ld46LHC1lPEbp3EXgkEhAYEcPvjJF6ZO+869SQ0aH1dcA==",
      "dev": true
    },
    "node_modules/esbuild": {
      "version": "0.11.20",
      "resolved": "https://registry.npmjs.org/esbuild/-/esbuild-0.11.20.tgz",
      "integrity": "sha512-QOZrVpN/Yz74xfat0H6euSgn3RnwLevY1mJTEXneukz1ln9qB+ieaerRMzSeETpz/UJWsBMzRVR/andBht5WKw==",
      "dev": true,
      "hasInstallScript": true,
      "bin": {
        "esbuild": "bin/esbuild"
      }
    }
  },
  "dependencies": {
    "@types/node": {
      "version": "15.0.2",
      "resolved": "https://registry.npmjs.org/@types/node/-/node-15.0.2.tgz",
      "integrity": "sha512-p68+a+KoxpoB47015IeYZYRrdqMUcpbK8re/zpFB8Ld46LHC1lPEbp3EXgkEhAYEcPvjJF6ZO+869SQ0aH1dcA==",
      "dev": true
    },
    "esbuild": {
      "version": "0.11.20",
      "resolved": "https://registry.npmjs.org/esbuild/-/esbuild-0.11.20.tgz",
      "integrity": "sha512-QOZrVpN/Yz74xfat0H6euSgn3RnwLevY1mJTEXneukz1ln9qB+ieaerRMzSeETpz/UJWsBMzRVR/andBht5WKw==",
      "dev": true
    }
  }
}
