{
  "name": "@hyrious/esbuild-plugin-style",
  "version": "0.2.0",
  "lockfileVersion": 2,
  "requires": true,
  "packages": {
    "": {
      "name": "@hyrious/esbuild-plugin-style",
      "version": "0.2.0",
      "license": "MIT",
      "dependencies": {
        "clean-css": "^5.1.2"
      },
      "devDependencies": {
        "@types/clean-css": "^4.2.4",
        "@types/node": "^15.12.2",
        "esbuild": "^0.12.8"
      }
    },
    "node_modules/@types/clean-css": {
      "version": "4.2.4",
      "resolved": "https://registry.npmjs.org/@types/clean-css/-/clean-css-4.2.4.tgz",
      "integrity": "sha512-x8xEbfTtcv5uyQDrBXKg9Beo5QhTPqO4vM0uq4iU27/nhyRRWNEMKHjxvAb0WDvp2Mnt4Sw0jKmIi5yQF/k2Ag==",
      "dev": true,
      "dependencies": {
        "@types/node": "*",
        "source-map": "^0.6.0"
      }
    },
    "node_modules/@types/node": {
      "version": "15.12.2",
      "resolved": "https://registry.npmjs.org/@types/node/-/node-15.12.2.tgz",
      "integrity": "sha512-zjQ69G564OCIWIOHSXyQEEDpdpGl+G348RAKY0XXy9Z5kU9Vzv1GMNnkar/ZJ8dzXB3COzD9Mo9NtRZ4xfgUww==",
      "dev": true
    },
    "node_modules/clean-css": {
      "version": "5.1.2",
      "resolved": "https://registry.npmjs.org/clean-css/-/clean-css-5.1.2.tgz",
      "integrity": "sha512-QcaGg9OuMo+0Ds933yLOY+gHPWbxhxqF0HDexmToPf8pczvmvZGYzd+QqWp9/mkucAOKViI+dSFOqoZIvXbeBw==",
      "dependencies": {
        "source-map": "~0.6.0"
      },
      "engines": {
        "node": ">= 10.0"
      }
    },
    "node_modules/esbuild": {
      "version": "0.12.8",
      "resolved": "https://registry.npmjs.org/esbuild/-/esbuild-0.12.8.tgz",
      "integrity": "sha512-sx/LwlP/SWTGsd9G4RlOPrXnIihAJ2xwBUmzoqe2nWwbXORMQWtAGNJNYLBJJqa3e9PWvVzxdrtyFZJcr7D87g==",
      "dev": true,
      "hasInstallScript": true,
      "bin": {
        "esbuild": "bin/esbuild"
      }
    },
    "node_modules/source-map": {
      "version": "0.6.1",
      "resolved": "https://registry.npmjs.org/source-map/-/source-map-0.6.1.tgz",
      "integrity": "sha512-UjgapumWlbMhkBgzT7Ykc5YXUT46F0iKu8SGXq0bcwP5dz/h0Plj6enJqjz1Zbq2l5WaqYnrVbwWOWMyF3F47g==",
      "engines": {
        "node": ">=0.10.0"
      }
    }
  },
  "dependencies": {
    "@types/clean-css": {
      "version": "4.2.4",
      "resolved": "https://registry.npmjs.org/@types/clean-css/-/clean-css-4.2.4.tgz",
      "integrity": "sha512-x8xEbfTtcv5uyQDrBXKg9Beo5QhTPqO4vM0uq4iU27/nhyRRWNEMKHjxvAb0WDvp2Mnt4Sw0jKmIi5yQF/k2Ag==",
      "dev": true,
      "requires": {
        "@types/node": "*",
        "source-map": "^0.6.0"
      }
    },
    "@types/node": {
      "version": "15.12.2",
      "resolved": "https://registry.npmjs.org/@types/node/-/node-15.12.2.tgz",
      "integrity": "sha512-zjQ69G564OCIWIOHSXyQEEDpdpGl+G348RAKY0XXy9Z5kU9Vzv1GMNnkar/ZJ8dzXB3COzD9Mo9NtRZ4xfgUww==",
      "dev": true
    },
    "clean-css": {
      "version": "5.1.2",
      "resolved": "https://registry.npmjs.org/clean-css/-/clean-css-5.1.2.tgz",
      "integrity": "sha512-QcaGg9OuMo+0Ds933yLOY+gHPWbxhxqF0HDexmToPf8pczvmvZGYzd+QqWp9/mkucAOKViI+dSFOqoZIvXbeBw==",
      "requires": {
        "source-map": "~0.6.0"
      }
    },
    "esbuild": {
      "version": "0.12.8",
      "resolved": "https://registry.npmjs.org/esbuild/-/esbuild-0.12.8.tgz",
      "integrity": "sha512-sx/LwlP/SWTGsd9G4RlOPrXnIihAJ2xwBUmzoqe2nWwbXORMQWtAGNJNYLBJJqa3e9PWvVzxdrtyFZJcr7D87g==",
      "dev": true
    },
    "source-map": {
      "version": "0.6.1",
      "resolved": "https://registry.npmjs.org/source-map/-/source-map-0.6.1.tgz",
      "integrity": "sha512-UjgapumWlbMhkBgzT7Ykc5YXUT46F0iKu8SGXq0bcwP5dz/h0Plj6enJqjz1Zbq2l5WaqYnrVbwWOWMyF3F47g=="
    }
  }
}
